{
    __meta__ = {
        version = "1.0"
    },
    ["windows|x64"] = {
        ["cmake#f56260b5"] = {
            version = "4.2.1"
        },
        ["json.h#f56260b5"] = {
            version = "2024.07.19"
        },
        ["mongoose#f56260b5"] = {
            version = "7.20"
        },
        ["ninja#f56260b5"] = {
            version = "1.13.2"
        },
        ["spdlog v1.16.0#09c8c173"] = {
            version = "v1.16.0"
        },
        ["tinycthread#f56260b5"] = {
            version = "2016.09.30"
        }
    }
}